{
  "lockfileVersion": 1,
  "configVersion": 1,
  "workspaces": {
    "": {
      "name": "pi-crw",
      "devDependencies": {
        "@sinclair/typebox": "^0.34.0",
        "@types/node": "^22.0.0",
        "jiti": "^2.0.0",
        "typescript": "^5.6.0",
      },
    },
  },
  "packages": {
    "@sinclair/typebox": ["@sinclair/typebox@0.34.49", "", {}, "sha512-brySQQs7Jtn0joV8Xh9ZV/hZb9Ozb0pmazDIASBkYKCjXrXU3mpcFahmK/z4YDhGkQvP9mWJbVyahdtU5wQA+A=="],

    "@types/node": ["@types/node@22.19.19", "", { "dependencies": { "undici-types": "~6.21.0" } }, "sha512-dyh/xO2Fh5bYrfWaaqGrRQQGkNdmYw6AmaAUvYeUMNTWQtvb796ikLdmTchRmOlOiIJ1TDXfWgVx1QkUlQ6Hew=="],

    "jiti": ["jiti@2.7.0", "", { "bin": { "jiti": "lib/jiti-cli.mjs" } }, "sha512-AC/7JofJvZGrrneWNaEnJeOLUx+JlGt7tNa0wZiRPT4MY1wmfKjt2+6O2p2uz2+skll8OZZmJMNqeke7kKbNgQ=="],

    "typescript": ["typescript@5.9.3", "", { "bin": { "tsc": "bin/tsc", "tsserver": "bin/tsserver" } }, "sha512-jl1vZzPDinLr9eUt3J/t7V6FgNEw9QjvBPdysz9KfQDD41fQrC2Y4vKQdiaUpFT4bXlb1RHhLpp8wtm6M5TgSw=="],

    "undici-types": ["undici-types@6.21.0", "", {}, "sha512-iwDZqg0QAGrg9Rav5H4n0M64c3mkR59cJ6wQp+7C4nI0gsmExaedaYLNO44eT4AtBBwjbTiGPMlt2Md0T9H9JQ=="],
  }
}
